
Microsoft Visual Studio Solution File, Format Version 12.00
# Visual Studio Version 17
VisualStudioVersion = 17.5.002.0
MinimumVisualStudioVersion = 10.0.40219.1
Project("{9A19103F-16F7-4668-BE54-9A1E7A4F7556}") = "peleton_back", "peleton_back.csproj", "{88360D22-D875-4286-86F7-E19DD9F19F66}"
EndProject
Global
	GlobalSection(SolutionConfigurationPlatforms) = preSolution
		Debug|Any CPU = Debug|Any CPU
		Release|Any CPU = Release|Any CPU
	EndGlobalSection
	GlobalSection(ProjectConfigurationPlatforms) = postSolution
		{88360D22-D875-4286-86F7-E19DD9F19F66}.Debug|Any CPU.ActiveCfg = Debug|Any CPU
		{88360D22-D875-4286-86F7-E19DD9F19F66}.Debug|Any CPU.Build.0 = Debug|Any CPU
		{88360D22-D875-4286-86F7-E19DD9F19F66}.Release|Any CPU.ActiveCfg = Release|Any CPU
		{88360D22-D875-4286-86F7-E19DD9F19F66}.Release|Any CPU.Build.0 = Release|Any CPU
	EndGlobalSection
	GlobalSection(SolutionProperties) = preSolution
		HideSolutionNode = FALSE
	EndGlobalSection
	GlobalSection(ExtensibilityGlobals) = postSolution
		SolutionGuid = {F96E25E9-0085-4061-8538-138698ED5E1A}
	EndGlobalSection
EndGlobal
